// !$*UTF8*$!
{
	archiveVersion = 1;
	classes = {
	};
	objectVersion = 46;
	objects = {

/* Begin PBXBuildFile section */
		C29977421DE0CA40008E7F7A /* AppDelegate.swift in Sources */ = {isa = PBXBuildFile; fileRef = C29977411DE0CA40008E7F7A /* AppDelegate.swift */; };
		C29977471DE0CA40008E7F7A /* Main.storyboard in Resources */ = {isa = PBXBuildFile; fileRef = C29977451DE0CA40008E7F7A /* Main.storyboard */; };
		C29977491DE0CA40008E7F7A /* Assets.xcassets in Resources */ = {isa = PBXBuildFile; fileRef = C29977481DE0CA40008E7F7A /* Assets.xcassets */; };
		C299774C1DE0CA40008E7F7A /* LaunchScreen.storyboard in Resources */ = {isa = PBXBuildFile; fileRef = C299774A1DE0CA40008E7F7A /* LaunchScreen.storyboard */; };
		C29977571DE0CA40008E7F7A /* HowToTests.swift in Sources */ = {isa = PBXBuildFile; fileRef = C29977561DE0CA40008E7F7A /* HowToTests.swift */; };
		C29977621DE0CA40008E7F7A /* HowToUITests.swift in Sources */ = {isa = PBXBuildFile; fileRef = C29977611DE0CA40008E7F7A /* HowToUITests.swift */; };
		C724AF371DE9FC3100E7D6A4 /* CloudKit.framework in Frameworks */ = {isa = PBXBuildFile; fileRef = C724AF361DE9FC3100E7D6A4 /* CloudKit.framework */; };
		C724AF3B1DE9FC6200E7D6A4 /* Steps.swift in Sources */ = {isa = PBXBuildFile; fileRef = C724AF391DE9FC6200E7D6A4 /* Steps.swift */; };
		C724AF3C1DE9FC6200E7D6A4 /* Tutorial.swift in Sources */ = {isa = PBXBuildFile; fileRef = C724AF3A1DE9FC6200E7D6A4 /* Tutorial.swift */; };
		CB6CE4FB1DF2F3A900A34526 /* TutorialCellTableViewCell.swift in Sources */ = {isa = PBXBuildFile; fileRef = CB6CE4FA1DF2F3A900A34526 /* TutorialCellTableViewCell.swift */; };
		CB6CE4FD1DF2F9D300A34526 /* TutorialDetailTableViewController.swift in Sources */ = {isa = PBXBuildFile; fileRef = CB6CE4FC1DF2F9D300A34526 /* TutorialDetailTableViewController.swift */; };
		CB6CE4FF1DF3030F00A34526 /* TutorialDetailTableViewCell.swift in Sources */ = {isa = PBXBuildFile; fileRef = CB6CE4FE1DF3030F00A34526 /* TutorialDetailTableViewCell.swift */; };
		CB6CE5091DF339FE00A34526 /* StepsTableViewCell.swift in Sources */ = {isa = PBXBuildFile; fileRef = CB6CE5081DF339FE00A34526 /* StepsTableViewCell.swift */; };
		CB6CE50B1DF33A5500A34526 /* User.swift in Sources */ = {isa = PBXBuildFile; fileRef = CB6CE50A1DF33A5500A34526 /* User.swift */; };
		CBAC85011DEA022500B36864 /* TutorialsListTableViewController.swift in Sources */ = {isa = PBXBuildFile; fileRef = CBAC85001DEA022500B36864 /* TutorialsListTableViewController.swift */; };
		D086B9DA1DF331D100F42EB0 /* StepDetailViewController.swift in Sources */ = {isa = PBXBuildFile; fileRef = D086B9D91DF331D100F42EB0 /* StepDetailViewController.swift */; };
/* End PBXBuildFile section */

/* Begin PBXContainerItemProxy section */
		C29977531DE0CA40008E7F7A /* PBXContainerItemProxy */ = {
			isa = PBXContainerItemProxy;
			containerPortal = C29977361DE0CA3F008E7F7A /* Project object */;
			proxyType = 1;
			remoteGlobalIDString = C299773D1DE0CA3F008E7F7A;
			remoteInfo = HowTo;
		};
		C299775E1DE0CA40008E7F7A /* PBXContainerItemProxy */ = {
			isa = PBXContainerItemProxy;
			containerPortal = C29977361DE0CA3F008E7F7A /* Project object */;
			proxyType = 1;
			remoteGlobalIDString = C299773D1DE0CA3F008E7F7A;
			remoteInfo = HowTo;
		};
/* End PBXContainerItemProxy section */

/* Begin PBXFileReference section */
		C299773E1DE0CA40008E7F7A /* HowTo.app */ = {isa = PBXFileReference; explicitFileType = wrapper.application; includeInIndex = 0; path = HowTo.app; sourceTree = BUILT_PRODUCTS_DIR; };
		C29977411DE0CA40008E7F7A /* AppDelegate.swift */ = {isa = PBXFileReference; lastKnownFileType = sourcecode.swift; path = AppDelegate.swift; sourceTree = "<group>"; };
		C29977461DE0CA40008E7F7A /* Base */ = {isa = PBXFileReference; lastKnownFileType = file.storyboard; name = Base; path = Base.lproj/Main.storyboard; sourceTree = "<group>"; };
		C29977481DE0CA40008E7F7A /* Assets.xcassets */ = {isa = PBXFileReference; lastKnownFileType = folder.assetcatalog; path = Assets.xcassets; sourceTree = "<group>"; };
		C299774B1DE0CA40008E7F7A /* Base */ = {isa = PBXFileReference; lastKnownFileType = file.storyboard; name = Base; path = Base.lproj/LaunchScreen.storyboard; sourceTree = "<group>"; };
		C299774D1DE0CA40008E7F7A /* Info.plist */ = {isa = PBXFileReference; lastKnownFileType = text.plist.xml; path = Info.plist; sourceTree = "<group>"; };
		C29977521DE0CA40008E7F7A /* HowToTests.xctest */ = {isa = PBXFileReference; explicitFileType = wrapper.cfbundle; includeInIndex = 0; path = HowToTests.xctest; sourceTree = BUILT_PRODUCTS_DIR; };
		C29977561DE0CA40008E7F7A /* HowToTests.swift */ = {isa = PBXFileReference; lastKnownFileType = sourcecode.swift; path = HowToTests.swift; sourceTree = "<group>"; };
		C29977581DE0CA40008E7F7A /* Info.plist */ = {isa = PBXFileReference; lastKnownFileType = text.plist.xml; path = Info.plist; sourceTree = "<group>"; };
		C299775D1DE0CA40008E7F7A /* HowToUITests.xctest */ = {isa = PBXFileReference; explicitFileType = wrapper.cfbundle; includeInIndex = 0; path = HowToUITests.xctest; sourceTree = BUILT_PRODUCTS_DIR; };
		C29977611DE0CA40008E7F7A /* HowToUITests.swift */ = {isa = PBXFileReference; lastKnownFileType = sourcecode.swift; path = HowToUITests.swift; sourceTree = "<group>"; };
		C29977631DE0CA40008E7F7A /* Info.plist */ = {isa = PBXFileReference; lastKnownFileType = text.plist.xml; path = Info.plist; sourceTree = "<group>"; };
		C724AF341DE9FC2B00E7D6A4 /* HowTo.entitlements */ = {isa = PBXFileReference; lastKnownFileType = text.plist.entitlements; path = HowTo.entitlements; sourceTree = "<group>"; };
		C724AF361DE9FC3100E7D6A4 /* CloudKit.framework */ = {isa = PBXFileReference; lastKnownFileType = wrapper.framework; name = CloudKit.framework; path = System/Library/Frameworks/CloudKit.framework; sourceTree = SDKROOT; };
		C724AF391DE9FC6200E7D6A4 /* Steps.swift */ = {isa = PBXFileReference; fileEncoding = 4; lastKnownFileType = sourcecode.swift; path = Steps.swift; sourceTree = "<group>"; };
		C724AF3A1DE9FC6200E7D6A4 /* Tutorial.swift */ = {isa = PBXFileReference; fileEncoding = 4; lastKnownFileType = sourcecode.swift; path = Tutorial.swift; sourceTree = "<group>"; };
		CB6CE4FA1DF2F3A900A34526 /* TutorialCellTableViewCell.swift */ = {isa = PBXFileReference; fileEncoding = 4; lastKnownFileType = sourcecode.swift; path = TutorialCellTableViewCell.swift; sourceTree = "<group>"; };
		CB6CE4FC1DF2F9D300A34526 /* TutorialDetailTableViewController.swift */ = {isa = PBXFileReference; fileEncoding = 4; lastKnownFileType = sourcecode.swift; path = TutorialDetailTableViewController.swift; sourceTree = "<group>"; };
		CB6CE4FE1DF3030F00A34526 /* TutorialDetailTableViewCell.swift */ = {isa = PBXFileReference; fileEncoding = 4; lastKnownFileType = sourcecode.swift; path = TutorialDetailTableViewCell.swift; sourceTree = "<group>"; };
		CB6CE5081DF339FE00A34526 /* StepsTableViewCell.swift */ = {isa = PBXFileReference; fileEncoding = 4; lastKnownFileType = sourcecode.swift; path = StepsTableViewCell.swift; sourceTree = "<group>"; };
		CB6CE50A1DF33A5500A34526 /* User.swift */ = {isa = PBXFileReference; fileEncoding = 4; lastKnownFileType = sourcecode.swift; path = User.swift; sourceTree = "<group>"; };
		CBAC85001DEA022500B36864 /* TutorialsListTableViewController.swift */ = {isa = PBXFileReference; fileEncoding = 4; lastKnownFileType = sourcecode.swift; path = TutorialsListTableViewController.swift; sourceTree = "<group>"; };
		D086B9D91DF331D100F42EB0 /* StepDetailViewController.swift */ = {isa = PBXFileReference; fileEncoding = 4; lastKnownFileType = sourcecode.swift; path = StepDetailViewController.swift; sourceTree = "<group>"; };
/* End PBXFileReference section */

/* Begin PBXFrameworksBuildPhase section */
		C299773B1DE0CA3F008E7F7A /* Frameworks */ = {
			isa = PBXFrameworksBuildPhase;
			buildActionMask = 2147483647;
			files = (
				C724AF371DE9FC3100E7D6A4 /* CloudKit.framework in Frameworks */,
			);
			runOnlyForDeploymentPostprocessing = 0;
		};
		C299774F1DE0CA40008E7F7A /* Frameworks */ = {
			isa = PBXFrameworksBuildPhase;
			buildActionMask = 2147483647;
			files = (
			);
			runOnlyForDeploymentPostprocessing = 0;
		};
		C299775A1DE0CA40008E7F7A /* Frameworks */ = {
			isa = PBXFrameworksBuildPhase;
			buildActionMask = 2147483647;
			files = (
			);
			runOnlyForDeploymentPostprocessing = 0;
		};
/* End PBXFrameworksBuildPhase section */

/* Begin PBXGroup section */
		C29977351DE0CA3F008E7F7A = {
			isa = PBXGroup;
			children = (
				C29977401DE0CA40008E7F7A /* HowTo */,
				C29977551DE0CA40008E7F7A /* HowToTests */,
				C29977601DE0CA40008E7F7A /* HowToUITests */,
				C299773F1DE0CA40008E7F7A /* Products */,
				C724AF351DE9FC3100E7D6A4 /* Frameworks */,
			);
			sourceTree = "<group>";
		};
		C299773F1DE0CA40008E7F7A /* Products */ = {
			isa = PBXGroup;
			children = (
				C299773E1DE0CA40008E7F7A /* HowTo.app */,
				C29977521DE0CA40008E7F7A /* HowToTests.xctest */,
				C299775D1DE0CA40008E7F7A /* HowToUITests.xctest */,
			);
			name = Products;
			sourceTree = "<group>";
		};
		C29977401DE0CA40008E7F7A /* HowTo */ = {
			isa = PBXGroup;
			children = (
				C724AF381DE9FC5100E7D6A4 /* Model */,
				D086B9DB1DF33D3C00F42EB0 /* App */,
				C724AF341DE9FC2B00E7D6A4 /* HowTo.entitlements */,
				C29977411DE0CA40008E7F7A /* AppDelegate.swift */,
				C29977451DE0CA40008E7F7A /* Main.storyboard */,
				C29977481DE0CA40008E7F7A /* Assets.xcassets */,
				C299774A1DE0CA40008E7F7A /* LaunchScreen.storyboard */,
				C299774D1DE0CA40008E7F7A /* Info.plist */,
			);
			path = HowTo;
			sourceTree = "<group>";
		};
		C29977551DE0CA40008E7F7A /* HowToTests */ = {
			isa = PBXGroup;
			children = (
				C29977561DE0CA40008E7F7A /* HowToTests.swift */,
				C29977581DE0CA40008E7F7A /* Info.plist */,
			);
			path = HowToTests;
			sourceTree = "<group>";
		};
		C29977601DE0CA40008E7F7A /* HowToUITests */ = {
			isa = PBXGroup;
			children = (
				C29977611DE0CA40008E7F7A /* HowToUITests.swift */,
				C29977631DE0CA40008E7F7A /* Info.plist */,
			);
			path = HowToUITests;
			sourceTree = "<group>";
		};
		C724AF351DE9FC3100E7D6A4 /* Frameworks */ = {
			isa = PBXGroup;
			children = (
				C724AF361DE9FC3100E7D6A4 /* CloudKit.framework */,
			);
			name = Frameworks;
			sourceTree = "<group>";
		};
		C724AF381DE9FC5100E7D6A4 /* Model */ = {
			isa = PBXGroup;
			children = (
				C724AF391DE9FC6200E7D6A4 /* Steps.swift */,
				C724AF3A1DE9FC6200E7D6A4 /* Tutorial.swift */,
				CB6CE50A1DF33A5500A34526 /* User.swift */,
			);
			name = Model;
			sourceTree = "<group>";
		};
		D086B9DB1DF33D3C00F42EB0 /* App */ = {
			isa = PBXGroup;
			children = (
				D086B9D91DF331D100F42EB0 /* StepDetailViewController.swift */,
				CBAC85001DEA022500B36864 /* TutorialsListTableViewController.swift */,
				CB6CE4FC1DF2F9D300A34526 /* TutorialDetailTableViewController.swift */,
				D086B9DC1DF33D4300F42EB0 /* Cell */,
			);
			name = App;
			sourceTree = "<group>";
		};
		D086B9DC1DF33D4300F42EB0 /* Cell */ = {
			isa = PBXGroup;
			children = (
				CB6CE5081DF339FE00A34526 /* StepsTableViewCell.swift */,
				CB6CE4FA1DF2F3A900A34526 /* TutorialCellTableViewCell.swift */,
				CB6CE4FE1DF3030F00A34526 /* TutorialDetailTableViewCell.swift */,
			);
			name = Cell;
			sourceTree = "<group>";
		};
/* End PBXGroup section */

/* Begin PBXNativeTarget section */
		C299773D1DE0CA3F008E7F7A /* HowTo */ = {
			isa = PBXNativeTarget;
			buildConfigurationList = C29977661DE0CA40008E7F7A /* Build configuration list for PBXNativeTarget "HowTo" */;
			buildPhases = (
				C299773A1DE0CA3F008E7F7A /* Sources */,
				C299773B1DE0CA3F008E7F7A /* Frameworks */,
				C299773C1DE0CA3F008E7F7A /* Resources */,
			);
			buildRules = (
			);
			dependencies = (
			);
			name = HowTo;
			productName = HowTo;
			productReference = C299773E1DE0CA40008E7F7A /* HowTo.app */;
			productType = "com.apple.product-type.application";
		};
		C29977511DE0CA40008E7F7A /* HowToTests */ = {
			isa = PBXNativeTarget;
			buildConfigurationList = C29977691DE0CA40008E7F7A /* Build configuration list for PBXNativeTarget "HowToTests" */;
			buildPhases = (
				C299774E1DE0CA40008E7F7A /* Sources */,
				C299774F1DE0CA40008E7F7A /* Frameworks */,
				C29977501DE0CA40008E7F7A /* Resources */,
			);
			buildRules = (
			);
			dependencies = (
				C29977541DE0CA40008E7F7A /* PBXTargetDependency */,
			);
			name = HowToTests;
			productName = HowToTests;
			productReference = C29977521DE0CA40008E7F7A /* HowToTests.xctest */;
			productType = "com.apple.product-type.bundle.unit-test";
		};
		C299775C1DE0CA40008E7F7A /* HowToUITests */ = {
			isa = PBXNativeTarget;
			buildConfigurationList = C299776C1DE0CA40008E7F7A /* Build configuration list for PBXNativeTarget "HowToUITests" */;
			buildPhases = (
				C29977591DE0CA40008E7F7A /* Sources */,
				C299775A1DE0CA40008E7F7A /* Frameworks */,
				C299775B1DE0CA40008E7F7A /* Resources */,
			);
			buildRules = (
			);
			dependencies = (
				C299775F1DE0CA40008E7F7A /* PBXTargetDependency */,
			);
			name = HowToUITests;
			productName = HowToUITests;
			productReference = C299775D1DE0CA40008E7F7A /* HowToUITests.xctest */;
			productType = "com.apple.product-type.bundle.ui-testing";
		};
/* End PBXNativeTarget section */

/* Begin PBXProject section */
		C29977361DE0CA3F008E7F7A /* Project object */ = {
			isa = PBXProject;
			attributes = {
				LastSwiftUpdateCheck = 0800;
				LastUpgradeCheck = 0800;
				ORGANIZATIONNAME = HowTo;
				TargetAttributes = {
					C299773D1DE0CA3F008E7F7A = {
						CreatedOnToolsVersion = 8.0;
						DevelopmentTeam = 3KXL7F2ZKT;
						ProvisioningStyle = Automatic;
						SystemCapabilities = {
							com.apple.iCloud = {
								enabled = 1;
							};
						};
					};
					C29977511DE0CA40008E7F7A = {
						CreatedOnToolsVersion = 8.0;
						ProvisioningStyle = Automatic;
						TestTargetID = C299773D1DE0CA3F008E7F7A;
					};
					C299775C1DE0CA40008E7F7A = {
						CreatedOnToolsVersion = 8.0;
						ProvisioningStyle = Automatic;
						TestTargetID = C299773D1DE0CA3F008E7F7A;
					};
				};
			};
			buildConfigurationList = C29977391DE0CA3F008E7F7A /* Build configuration list for PBXProject "HowTo" */;
			compatibilityVersion = "Xcode 3.2";
			developmentRegion = English;
			hasScannedForEncodings = 0;
			knownRegions = (
				en,
				Base,
			);
			mainGroup = C29977351DE0CA3F008E7F7A;
			productRefGroup = C299773F1DE0CA40008E7F7A /* Products */;
			projectDirPath = "";
			projectRoot = "";
			targets = (
				C299773D1DE0CA3F008E7F7A /* HowTo */,
				C29977511DE0CA40008E7F7A /* HowToTests */,
				C299775C1DE0CA40008E7F7A /* HowToUITests */,
			);
		};
/* End PBXProject section */

/* Begin PBXResourcesBuildPhase section */
		C299773C1DE0CA3F008E7F7A /* Resources */ = {
			isa = PBXResourcesBuildPhase;
			buildActionMask = 2147483647;
			files = (
				C299774C1DE0CA40008E7F7A /* LaunchScreen.storyboard in Resources */,
				C29977491DE0CA40008E7F7A /* Assets.xcassets in Resources */,
				C29977471DE0CA40008E7F7A /* Main.storyboard in Resources */,
			);
			runOnlyForDeploymentPostprocessing = 0;
		};
		C29977501DE0CA40008E7F7A /* Resources */ = {
			isa = PBXResourcesBuildPhase;
			buildActionMask = 2147483647;
			files = (
			);
			runOnlyForDeploymentPostprocessing = 0;
		};
		C299775B1DE0CA40008E7F7A /* Resources */ = {
			isa = PBXResourcesBuildPhase;
			buildActionMask = 2147483647;
			files = (
			);
			runOnlyForDeploymentPostprocessing = 0;
		};
/* End PBXResourcesBuildPhase section */

/* Begin PBXSourcesBuildPhase section */
		C299773A1DE0CA3F008E7F7A /* Sources */ = {
			isa = PBXSourcesBuildPhase;
			buildActionMask = 2147483647;
			files = (
				C724AF3B1DE9FC6200E7D6A4 /* Steps.swift in Sources */,
				CBAC85011DEA022500B36864 /* TutorialsListTableViewController.swift in Sources */,
				CB6CE4FF1DF3030F00A34526 /* TutorialDetailTableViewCell.swift in Sources */,
				CB6CE4FD1DF2F9D300A34526 /* TutorialDetailTableViewController.swift in Sources */,
				C724AF3C1DE9FC6200E7D6A4 /* Tutorial.swift in Sources */,
				CB6CE4FB1DF2F3A900A34526 /* TutorialCellTableViewCell.swift in Sources */,
				CB6CE5091DF339FE00A34526 /* StepsTableViewCell.swift in Sources */,
				CB6CE50B1DF33A5500A34526 /* User.swift in Sources */,
				D086B9DA1DF331D100F42EB0 /* StepDetailViewController.swift in Sources */,
				C29977421DE0CA40008E7F7A /* AppDelegate.swift in Sources */,
			);
			runOnlyForDeploymentPostprocessing = 0;
		};
		C299774E1DE0CA40008E7F7A /* Sources */ = {
			isa = PBXSourcesBuildPhase;
			buildActionMask = 2147483647;
			files = (
				C29977571DE0CA40008E7F7A /* HowToTests.swift in Sources */,
			);
			runOnlyForDeploymentPostprocessing = 0;
		};
		C29977591DE0CA40008E7F7A /* Sources */ = {
			isa = PBXSourcesBuildPhase;
			buildActionMask = 2147483647;
			files = (
				C29977621DE0CA40008E7F7A /* HowToUITests.swift in Sources */,
			);
			runOnlyForDeploymentPostprocessing = 0;
		};
/* End PBXSourcesBuildPhase section */

/* Begin PBXTargetDependency section */
		C29977541DE0CA40008E7F7A /* PBXTargetDependency */ = {
			isa = PBXTargetDependency;
			target = C299773D1DE0CA3F008E7F7A /* HowTo */;
			targetProxy = C29977531DE0CA40008E7F7A /* PBXContainerItemProxy */;
		};
		C299775F1DE0CA40008E7F7A /* PBXTargetDependency */ = {
			isa = PBXTargetDependency;
			target = C299773D1DE0CA3F008E7F7A /* HowTo */;
			targetProxy = C299775E1DE0CA40008E7F7A /* PBXContainerItemProxy */;
		};
/* End PBXTargetDependency section */

/* Begin PBXVariantGroup section */
		C29977451DE0CA40008E7F7A /* Main.storyboard */ = {
			isa = PBXVariantGroup;
			children = (
				C29977461DE0CA40008E7F7A /* Base */,
			);
			name = Main.storyboard;
			sourceTree = "<group>";
		};
		C299774A1DE0CA40008E7F7A /* LaunchScreen.storyboard */ = {
			isa = PBXVariantGroup;
			children = (
				C299774B1DE0CA40008E7F7A /* Base */,
			);
			name = LaunchScreen.storyboard;
			sourceTree = "<group>";
		};
/* End PBXVariantGroup section */

/* Begin XCBuildConfiguration section */
		C29977641DE0CA40008E7F7A /* Debug */ = {
			isa = XCBuildConfiguration;
			buildSettings = {
				ALWAYS_SEARCH_USER_PATHS = NO;
				CLANG_ANALYZER_NONNULL = YES;
				CLANG_CXX_LANGUAGE_STANDARD = "gnu++0x";
				CLANG_CXX_LIBRARY = "libc++";
				CLANG_ENABLE_MODULES = YES;
				CLANG_ENABLE_OBJC_ARC = YES;
				CLANG_WARN_BOOL_CONVERSION = YES;
				CLANG_WARN_CONSTANT_CONVERSION = YES;
				CLANG_WARN_DIRECT_OBJC_ISA_USAGE = YES_ERROR;
				CLANG_WARN_DOCUMENTATION_COMMENTS = YES;
				CLANG_WARN_EMPTY_BODY = YES;
				CLANG_WARN_ENUM_CONVERSION = YES;
				CLANG_WARN_INFINITE_RECURSION = YES;
				CLANG_WARN_INT_CONVERSION = YES;
				CLANG_WARN_OBJC_ROOT_CLASS = YES_ERROR;
				CLANG_WARN_SUSPICIOUS_MOVES = YES;
				CLANG_WARN_UNREACHABLE_CODE = YES;
				CLANG_WARN__DUPLICATE_METHOD_MATCH = YES;
				"CODE_SIGN_IDENTITY[sdk=iphoneos*]" = "iPhone Developer";
				COPY_PHASE_STRIP = NO;
				DEBUG_INFORMATION_FORMAT = dwarf;
				ENABLE_STRICT_OBJC_MSGSEND = YES;
				ENABLE_TESTABILITY = YES;
				GCC_C_LANGUAGE_STANDARD = gnu99;
				GCC_DYNAMIC_NO_PIC = NO;
				GCC_NO_COMMON_BLOCKS = YES;
				GCC_OPTIMIZATION_LEVEL = 0;
				GCC_PREPROCESSOR_DEFINITIONS = (
					"DEBUG=1",
					"$(inherited)",
				);
				GCC_WARN_64_TO_32_BIT_CONVERSION = YES;
				GCC_WARN_ABOUT_RETURN_TYPE = YES_ERROR;
				GCC_WARN_UNDECLARED_SELECTOR = YES;
				GCC_WARN_UNINITIALIZED_AUTOS = YES_AGGRESSIVE;
				GCC_WARN_UNUSED_FUNCTION = YES;
				GCC_WARN_UNUSED_VARIABLE = YES;
				IPHONEOS_DEPLOYMENT_TARGET = 10.0;
				MTL_ENABLE_DEBUG_INFO = YES;
				ONLY_ACTIVE_ARCH = YES;
				SDKROOT = iphoneos;
				SWIFT_ACTIVE_COMPILATION_CONDITIONS = DEBUG;
				SWIFT_OPTIMIZATION_LEVEL = "-Onone";
				TARGETED_DEVICE_FAMILY = "1,2";
			};
			name = Debug;
		};
		C29977651DE0CA40008E7F7A /* Release */ = {
			isa = XCBuildConfiguration;
			buildSettings = {
				ALWAYS_SEARCH_USER_PATHS = NO;
				CLANG_ANALYZER_NONNULL = YES;
				CLANG_CXX_LANGUAGE_STANDARD = "gnu++0x";
				CLANG_CXX_LIBRARY = "libc++";
				CLANG_ENABLE_MODULES = YES;
				CLANG_ENABLE_OBJC_ARC = YES;
				CLANG_WARN_BOOL_CONVERSION = YES;
				CLANG_WARN_CONSTANT_CONVERSION = YES;
				CLANG_WARN_DIRECT_OBJC_ISA_USAGE = YES_ERROR;
				CLANG_WARN_DOCUMENTATION_COMMENTS = YES;
				CLANG_WARN_EMPTY_BODY = YES;
				CLANG_WARN_ENUM_CONVERSION = YES;
				CLANG_WARN_INFINITE_RECURSION = YES;
				CLANG_WARN_INT_CONVERSION = YES;
				CLANG_WARN_OBJC_ROOT_CLASS = YES_ERROR;
				CLANG_WARN_SUSPICIOUS_MOVES = YES;
				CLANG_WARN_UNREACHABLE_CODE = YES;
				CLANG_WARN__DUPLICATE_METHOD_MATCH = YES;
				"CODE_SIGN_IDENTITY[sdk=iphoneos*]" = "iPhone Developer";
				COPY_PHASE_STRIP = NO;
				DEBUG_INFORMATION_FORMAT = "dwarf-with-dsym";
				ENABLE_NS_ASSERTIONS = NO;
				ENABLE_STRICT_OBJC_MSGSEND = YES;
				GCC_C_LANGUAGE_STANDARD = gnu99;
				GCC_NO_COMMON_BLOCKS = YES;
				GCC_WARN_64_TO_32_BIT_CONVERSION = YES;
				GCC_WARN_ABOUT_RETURN_TYPE = YES_ERROR;
				GCC_WARN_UNDECLARED_SELECTOR = YES;
				GCC_WARN_UNINITIALIZED_AUTOS = YES_AGGRESSIVE;
				GCC_WARN_UNUSED_FUNCTION = YES;
				GCC_WARN_UNUSED_VARIABLE = YES;
				IPHONEOS_DEPLOYMENT_TARGET = 10.0;
				MTL_ENABLE_DEBUG_INFO = NO;
				SDKROOT = iphoneos;
				SWIFT_OPTIMIZATION_LEVEL = "-Owholemodule";
				TARGETED_DEVICE_FAMILY = "1,2";
				VALIDATE_PRODUCT = YES;
			};
			name = Release;
		};
		C29977671DE0CA40008E7F7A /* Debug */ = {
			isa = XCBuildConfiguration;
			buildSettings = {
				ASSETCATALOG_COMPILER_APPICON_NAME = AppIcon;
				CODE_SIGN_ENTITLEMENTS = HowTo/HowTo.entitlements;
				DEVELOPMENT_TEAM = 3KXL7F2ZKT;
				INFOPLIST_FILE = HowTo/Info.plist;
				LD_RUNPATH_SEARCH_PATHS = "$(inherited) @executable_path/Frameworks";
				PRODUCT_BUNDLE_IDENTIFIER = br.com.howto.HowTo;
				PRODUCT_NAME = "$(TARGET_NAME)";
				SWIFT_VERSION = 3.0;
			};
			name = Debug;
		};
		C29977681DE0CA40008E7F7A /* Release */ = {
			isa = XCBuildConfiguration;
			buildSettings = {
				ASSETCATALOG_COMPILER_APPICON_NAME = AppIcon;
				CODE_SIGN_ENTITLEMENTS = HowTo/HowTo.entitlements;
				DEVELOPMENT_TEAM = 3KXL7F2ZKT;
				INFOPLIST_FILE = HowTo/Info.plist;
				LD_RUNPATH_SEARCH_PATHS = "$(inherited) @executable_path/Frameworks";
				PRODUCT_BUNDLE_IDENTIFIER = br.com.howto.HowTo;
				PRODUCT_NAME = "$(TARGET_NAME)";
				SWIFT_VERSION = 3.0;
			};
			name = Release;
		};
		C299776A1DE0CA40008E7F7A /* Debug */ = {
			isa = XCBuildConfiguration;
			buildSettings = {
				ALWAYS_EMBED_SWIFT_STANDARD_LIBRARIES = YES;
				BUNDLE_LOADER = "$(TEST_HOST)";
				INFOPLIST_FILE = HowToTests/Info.plist;
				LD_RUNPATH_SEARCH_PATHS = "$(inherited) @executable_path/Frameworks @loader_path/Frameworks";
				PRODUCT_BUNDLE_IDENTIFIER = br.com.howto.HowToTests;
				PRODUCT_NAME = "$(TARGET_NAME)";
				SWIFT_VERSION = 3.0;
				TEST_HOST = "$(BUILT_PRODUCTS_DIR)/HowTo.app/HowTo";
			};
			name = Debug;
		};
		C299776B1DE0CA40008E7F7A /* Release */ = {
			isa = XCBuildConfiguration;
			buildSettings = {
				ALWAYS_EMBED_SWIFT_STANDARD_LIBRARIES = YES;
				BUNDLE_LOADER = "$(TEST_HOST)";
				INFOPLIST_FILE = HowToTests/Info.plist;
				LD_RUNPATH_SEARCH_PATHS = "$(inherited) @executable_path/Frameworks @loader_path/Frameworks";
				PRODUCT_BUNDLE_IDENTIFIER = br.com.howto.HowToTests;
				PRODUCT_NAME = "$(TARGET_NAME)";
				SWIFT_VERSION = 3.0;
				TEST_HOST = "$(BUILT_PRODUCTS_DIR)/HowTo.app/HowTo";
			};
			name = Release;
		};
		C299776D1DE0CA40008E7F7A /* Debug */ = {
			isa = XCBuildConfiguration;
			buildSettings = {
				ALWAYS_EMBED_SWIFT_STANDARD_LIBRARIES = YES;
				INFOPLIST_FILE = HowToUITests/Info.plist;
				LD_RUNPATH_SEARCH_PATHS = "$(inherited) @executable_path/Frameworks @loader_path/Frameworks";
				PRODUCT_BUNDLE_IDENTIFIER = br.com.howto.HowToUITests;
				PRODUCT_NAME = "$(TARGET_NAME)";
				SWIFT_VERSION = 3.0;
				TEST_TARGET_NAME = HowTo;
			};
			name = Debug;
		};
		C299776E1DE0CA40008E7F7A /* Release */ = {
			isa = XCBuildConfiguration;
			buildSettings = {
				ALWAYS_EMBED_SWIFT_STANDARD_LIBRARIES = YES;
				INFOPLIST_FILE = HowToUITests/Info.plist;
				LD_RUNPATH_SEARCH_PATHS = "$(inherited) @executable_path/Frameworks @loader_path/Frameworks";
				PRODUCT_BUNDLE_IDENTIFIER = br.com.howto.HowToUITests;
				PRODUCT_NAME = "$(TARGET_NAME)";
				SWIFT_VERSION = 3.0;
				TEST_TARGET_NAME = HowTo;
			};
			name = Release;
		};
/* End XCBuildConfiguration section */

/* Begin XCConfigurationList section */
		C29977391DE0CA3F008E7F7A /* Build configuration list for PBXProject "HowTo" */ = {
			isa = XCConfigurationList;
			buildConfigurations = (
				C29977641DE0CA40008E7F7A /* Debug */,
				C29977651DE0CA40008E7F7A /* Release */,
			);
			defaultConfigurationIsVisible = 0;
			defaultConfigurationName = Release;
		};
		C29977661DE0CA40008E7F7A /* Build configuration list for PBXNativeTarget "HowTo" */ = {
			isa = XCConfigurationList;
			buildConfigurations = (
				C29977671DE0CA40008E7F7A /* Debug */,
				C29977681DE0CA40008E7F7A /* Release */,
			);
			defaultConfigurationIsVisible = 0;
			defaultConfigurationName = Release;
		};
		C29977691DE0CA40008E7F7A /* Build configuration list for PBXNativeTarget "HowToTests" */ = {
			isa = XCConfigurationList;
			buildConfigurations = (
				C299776A1DE0CA40008E7F7A /* Debug */,
				C299776B1DE0CA40008E7F7A /* Release */,
			);
			defaultConfigurationIsVisible = 0;
			defaultConfigurationName = Release;
		};
		C299776C1DE0CA40008E7F7A /* Build configuration list for PBXNativeTarget "HowToUITests" */ = {
			isa = XCConfigurationList;
			buildConfigurations = (
				C299776D1DE0CA40008E7F7A /* Debug */,
				C299776E1DE0CA40008E7F7A /* Release */,
			);
			defaultConfigurationIsVisible = 0;
			defaultConfigurationName = Release;
		};
/* End XCConfigurationList section */
	};
	rootObject = C29977361DE0CA3F008E7F7A /* Project object */;
}
